
Microsoft Visual Studio Solution File, Format Version 12.00
# Visual Studio 15
VisualStudioVersion = 15.0.28307.421
MinimumVisualStudioVersion = 10.0.40219.1
Project("{9A19103F-16F7-4668-BE54-9A1E7A4F7556}") = "AdoNetExercises", "AdoNetExercises\AdoNetExercises.csproj", "{8B62F201-AF31-43E3-99E4-5F019945A179}"
EndProject
Project("{9A19103F-16F7-4668-BE54-9A1E7A4F7556}") = "Problem2", "Problem2\Problem2.csproj", "{A069DD60-90DC-4F94-8A16-9ABE38208366}"
EndProject
Project("{9A19103F-16F7-4668-BE54-9A1E7A4F7556}") = "Problem3", "Problem3\Problem3.csproj", "{AD652010-8F3B-41BA-9EC6-678E2EBDEAD2}"
EndProject
Project("{9A19103F-16F7-4668-BE54-9A1E7A4F7556}") = "Problem4", "Problem4\Problem4.csproj", "{1F2FFE9F-4062-4C98-B9C9-58434EE2F763}"
EndProject
Project("{9A19103F-16F7-4668-BE54-9A1E7A4F7556}") = "Problem5", "Problem5\Problem5.csproj", "{492F0ED4-2633-4701-AC25-6529F42EB909}"
EndProject
Project("{9A19103F-16F7-4668-BE54-9A1E7A4F7556}") = "Problem6", "Problem6\Problem6.csproj", "{7F4AA64E-D83C-48EE-92D5-0150F9D7D97C}"
EndProject
Project("{FAE04EC0-301F-11D3-BF4B-00C04F79EFBC}") = "Problem7", "Problem7\Problem7.csproj", "{258016B6-BBC2-4EEC-9889-E22700726A4B}"
EndProject
Project("{FAE04EC0-301F-11D3-BF4B-00C04F79EFBC}") = "Problem8", "Problem8\Problem8.csproj", "{F7B0CFA0-716D-48CD-8219-BC9950DD1D34}"
EndProject
Project("{FAE04EC0-301F-11D3-BF4B-00C04F79EFBC}") = "Problem9", "Problem9\Problem9.csproj", "{C2FC5406-E3D6-4046-909C-60D4FD3C1AE9}"
EndProject
Global
	GlobalSection(SolutionConfigurationPlatforms) = preSolution
		Debug|Any CPU = Debug|Any CPU
		Release|Any CPU = Release|Any CPU
	EndGlobalSection
	GlobalSection(ProjectConfigurationPlatforms) = postSolution
		{8B62F201-AF31-43E3-99E4-5F019945A179}.Debug|Any CPU.ActiveCfg = Debug|Any CPU
		{8B62F201-AF31-43E3-99E4-5F019945A179}.Debug|Any CPU.Build.0 = Debug|Any CPU
		{8B62F201-AF31-43E3-99E4-5F019945A179}.Release|Any CPU.ActiveCfg = Release|Any CPU
		{8B62F201-AF31-43E3-99E4-5F019945A179}.Release|Any CPU.Build.0 = Release|Any CPU
		{A069DD60-90DC-4F94-8A16-9ABE38208366}.Debug|Any CPU.ActiveCfg = Debug|Any CPU
		{A069DD60-90DC-4F94-8A16-9ABE38208366}.Debug|Any CPU.Build.0 = Debug|Any CPU
		{A069DD60-90DC-4F94-8A16-9ABE38208366}.Release|Any CPU.ActiveCfg = Release|Any CPU
		{A069DD60-90DC-4F94-8A16-9ABE38208366}.Release|Any CPU.Build.0 = Release|Any CPU
		{AD652010-8F3B-41BA-9EC6-678E2EBDEAD2}.Debug|Any CPU.ActiveCfg = Debug|Any CPU
		{AD652010-8F3B-41BA-9EC6-678E2EBDEAD2}.Debug|Any CPU.Build.0 = Debug|Any CPU
		{AD652010-8F3B-41BA-9EC6-678E2EBDEAD2}.Release|Any CPU.ActiveCfg = Release|Any CPU
		{AD652010-8F3B-41BA-9EC6-678E2EBDEAD2}.Release|Any CPU.Build.0 = Release|Any CPU
		{1F2FFE9F-4062-4C98-B9C9-58434EE2F763}.Debug|Any CPU.ActiveCfg = Debug|Any CPU
		{1F2FFE9F-4062-4C98-B9C9-58434EE2F763}.Debug|Any CPU.Build.0 = Debug|Any CPU
		{1F2FFE9F-4062-4C98-B9C9-58434EE2F763}.Release|Any CPU.ActiveCfg = Release|Any CPU
		{1F2FFE9F-4062-4C98-B9C9-58434EE2F763}.Release|Any CPU.Build.0 = Release|Any CPU
		{492F0ED4-2633-4701-AC25-6529F42EB909}.Debug|Any CPU.ActiveCfg = Debug|Any CPU
		{492F0ED4-2633-4701-AC25-6529F42EB909}.Debug|Any CPU.Build.0 = Debug|Any CPU
		{492F0ED4-2633-4701-AC25-6529F42EB909}.Release|Any CPU.ActiveCfg = Release|Any CPU
		{492F0ED4-2633-4701-AC25-6529F42EB909}.Release|Any CPU.Build.0 = Release|Any CPU
		{7F4AA64E-D83C-48EE-92D5-0150F9D7D97C}.Debug|Any CPU.ActiveCfg = Debug|Any CPU
		{7F4AA64E-D83C-48EE-92D5-0150F9D7D97C}.Debug|Any CPU.Build.0 = Debug|Any CPU
		{7F4AA64E-D83C-48EE-92D5-0150F9D7D97C}.Release|Any CPU.ActiveCfg = Release|Any CPU
		{7F4AA64E-D83C-48EE-92D5-0150F9D7D97C}.Release|Any CPU.Build.0 = Release|Any CPU
		{258016B6-BBC2-4EEC-9889-E22700726A4B}.Debug|Any CPU.ActiveCfg = Debug|Any CPU
		{258016B6-BBC2-4EEC-9889-E22700726A4B}.Debug|Any CPU.Build.0 = Debug|Any CPU
		{258016B6-BBC2-4EEC-9889-E22700726A4B}.Release|Any CPU.ActiveCfg = Release|Any CPU
		{258016B6-BBC2-4EEC-9889-E22700726A4B}.Release|Any CPU.Build.0 = Release|Any CPU
		{F7B0CFA0-716D-48CD-8219-BC9950DD1D34}.Debug|Any CPU.ActiveCfg = Debug|Any CPU
		{F7B0CFA0-716D-48CD-8219-BC9950DD1D34}.Debug|Any CPU.Build.0 = Debug|Any CPU
		{F7B0CFA0-716D-48CD-8219-BC9950DD1D34}.Release|Any CPU.ActiveCfg = Release|Any CPU
		{F7B0CFA0-716D-48CD-8219-BC9950DD1D34}.Release|Any CPU.Build.0 = Release|Any CPU
		{C2FC5406-E3D6-4046-909C-60D4FD3C1AE9}.Debug|Any CPU.ActiveCfg = Debug|Any CPU
		{C2FC5406-E3D6-4046-909C-60D4FD3C1AE9}.Debug|Any CPU.Build.0 = Debug|Any CPU
		{C2FC5406-E3D6-4046-909C-60D4FD3C1AE9}.Release|Any CPU.ActiveCfg = Release|Any CPU
		{C2FC5406-E3D6-4046-909C-60D4FD3C1AE9}.Release|Any CPU.Build.0 = Release|Any CPU
	EndGlobalSection
	GlobalSection(SolutionProperties) = preSolution
		HideSolutionNode = FALSE
	EndGlobalSection
	GlobalSection(ExtensibilityGlobals) = postSolution
		SolutionGuid = {6AC1068A-3EB3-4436-A6FA-CB0F06BAD378}
	EndGlobalSection
EndGlobal
