
Microsoft Visual Studio Solution File, Format Version 12.00
# Visual Studio 15
VisualStudioVersion = 15.0.28307.102
MinimumVisualStudioVersion = 10.0.40219.1
Project("{FAE04EC0-301F-11D3-BF4B-00C04F79EFBC}") = "GenericBoxOfString", "GenericBoxOfString\GenericBoxOfString.csproj", "{21197D58-27B0-48D7-A4D1-0E5F81A90A5A}"
EndProject
Global
	GlobalSection(SolutionConfigurationPlatforms) = preSolution
		Debug|Any CPU = Debug|Any CPU
		Release|Any CPU = Release|Any CPU
	EndGlobalSection
	GlobalSection(ProjectConfigurationPlatforms) = postSolution
		{21197D58-27B0-48D7-A4D1-0E5F81A90A5A}.Debug|Any CPU.ActiveCfg = Debug|Any CPU
		{21197D58-27B0-48D7-A4D1-0E5F81A90A5A}.Debug|Any CPU.Build.0 = Debug|Any CPU
		{21197D58-27B0-48D7-A4D1-0E5F81A90A5A}.Release|Any CPU.ActiveCfg = Release|Any CPU
		{21197D58-27B0-48D7-A4D1-0E5F81A90A5A}.Release|Any CPU.Build.0 = Release|Any CPU
	EndGlobalSection
	GlobalSection(SolutionProperties) = preSolution
		HideSolutionNode = FALSE
	EndGlobalSection
	GlobalSection(ExtensibilityGlobals) = postSolution
		SolutionGuid = {97FFE46A-7F05-41E7-8802-565CDC280562}
	EndGlobalSection
EndGlobal
