
Microsoft Visual Studio Solution File, Format Version 12.00
# Visual Studio 15
VisualStudioVersion = 15.0.28307.102
MinimumVisualStudioVersion = 10.0.40219.1
Project("{FAE04EC0-301F-11D3-BF4B-00C04F79EFBC}") = "CustomList", "CustomList\CustomList.csproj", "{A6962D85-27A4-4AB6-976C-DCB40CBA5DB1}"
EndProject
Global
	GlobalSection(SolutionConfigurationPlatforms) = preSolution
		Debug|Any CPU = Debug|Any CPU
		Release|Any CPU = Release|Any CPU
	EndGlobalSection
	GlobalSection(ProjectConfigurationPlatforms) = postSolution
		{A6962D85-27A4-4AB6-976C-DCB40CBA5DB1}.Debug|Any CPU.ActiveCfg = Debug|Any CPU
		{A6962D85-27A4-4AB6-976C-DCB40CBA5DB1}.Debug|Any CPU.Build.0 = Debug|Any CPU
		{A6962D85-27A4-4AB6-976C-DCB40CBA5DB1}.Release|Any CPU.ActiveCfg = Release|Any CPU
		{A6962D85-27A4-4AB6-976C-DCB40CBA5DB1}.Release|Any CPU.Build.0 = Release|Any CPU
	EndGlobalSection
	GlobalSection(SolutionProperties) = preSolution
		HideSolutionNode = FALSE
	EndGlobalSection
	GlobalSection(ExtensibilityGlobals) = postSolution
		SolutionGuid = {4A185EC2-6683-4831-A66E-9F166AA45318}
	EndGlobalSection
EndGlobal
