
Microsoft Visual Studio Solution File, Format Version 12.00
# Visual Studio 15
VisualStudioVersion = 15.0.28307.106
MinimumVisualStudioVersion = 10.0.40219.1
Project("{FAE04EC0-301F-11D3-BF4B-00C04F79EFBC}") = "IteratorsAndComparators", "IteratorsAndComparators\IteratorsAndComparators.csproj", "{5E2B1A67-34A4-4A7A-BBAE-B63C104039CC}"
EndProject
Global
	GlobalSection(SolutionConfigurationPlatforms) = preSolution
		Debug|Any CPU = Debug|Any CPU
		Release|Any CPU = Release|Any CPU
	EndGlobalSection
	GlobalSection(ProjectConfigurationPlatforms) = postSolution
		{5E2B1A67-34A4-4A7A-BBAE-B63C104039CC}.Debug|Any CPU.ActiveCfg = Debug|Any CPU
		{5E2B1A67-34A4-4A7A-BBAE-B63C104039CC}.Debug|Any CPU.Build.0 = Debug|Any CPU
		{5E2B1A67-34A4-4A7A-BBAE-B63C104039CC}.Release|Any CPU.ActiveCfg = Release|Any CPU
		{5E2B1A67-34A4-4A7A-BBAE-B63C104039CC}.Release|Any CPU.Build.0 = Release|Any CPU
	EndGlobalSection
	GlobalSection(SolutionProperties) = preSolution
		HideSolutionNode = FALSE
	EndGlobalSection
	GlobalSection(ExtensibilityGlobals) = postSolution
		SolutionGuid = {E58856BD-80BD-4040-9AEB-9DAAEF71FCF9}
	EndGlobalSection
EndGlobal
